schema: '2.0'
stages:
  ingest:
    cmd: python -m medmlops.cli ingest
    deps:
    - path: src/medmlops/cli.py
      hash: md5
      md5: fceb04319364f513633888d03d242eb6
      size: 20427
    - path: src/medmlops/data/ingest.py
      hash: md5
      md5: 41e2a23e7ad9eaa1295dc5fb93538ed6
      size: 2573
    outs:
    - path: data/raw/diabetes130.parquet
      hash: md5
      md5: 0ea447806548eb48bea835eb794288d3
      size: 2758259
    - path: data/raw/diabetes130.sha256
      hash: md5
      md5: 245525349f6e022c8953d0ee0a5153ad
      size: 86
  validate:
    cmd: python -m medmlops.cli validate
    deps:
    - path: data/raw/diabetes130.parquet
      hash: md5
      md5: 0ea447806548eb48bea835eb794288d3
      size: 2758259
    - path: src/medmlops/cli.py
      hash: md5
      md5: fceb04319364f513633888d03d242eb6
      size: 20427
    - path: src/medmlops/data/contracts.py
      hash: md5
      md5: 58d1abb709590afd3ccc68a60ca5b9f1
      size: 8028
    - path: src/medmlops/data/validate.py
      hash: md5
      md5: 5e9ebccdcecef4b887109f7334452bca
      size: 3054
    outs:
    - path: data/interim/validated.parquet
      hash: md5
      md5: b19dd1ba200d6da9822ee7ca053381d5
      size: 2773444
    - path: reports/data_quality.json
      hash: md5
      md5: d838d070ad3775e6d76c18461f31b7a9
      size: 1225
  preprocess:
    cmd: python -m medmlops.cli preprocess
    deps:
    - path: data/interim/validated.parquet
      hash: md5
      md5: b19dd1ba200d6da9822ee7ca053381d5
      size: 2773444
    - path: params.yaml
      hash: md5
      md5: f8c270b0998bf00b9a6dc39349ae11bc
      size: 3055
    - path: src/medmlops/data/ids_mapping.py
      hash: md5
      md5: 13af79836d2b751b409e6f0c1b465b2f
      size: 2150
    - path: src/medmlops/features/pipeline.py
      hash: md5
      md5: 3d0d0dd2be20d6fb59f3ba398578ebbe
      size: 10147
    outs:
    - path: data/processed/features.parquet
      hash: md5
      md5: 49ad4a868fc54532ddbf07ab80218611
      size: 1219868
  split:
    cmd: python -m medmlops.cli split
    deps:
    - path: data/processed/features.parquet
      hash: md5
      md5: 49ad4a868fc54532ddbf07ab80218611
      size: 1219868
    - path: params.yaml
      hash: md5
      md5: f8c270b0998bf00b9a6dc39349ae11bc
      size: 3055
    - path: src/medmlops/features/pipeline.py
      hash: md5
      md5: 3d0d0dd2be20d6fb59f3ba398578ebbe
      size: 10147
    params:
      params.yaml:
        data.calibration_size: 0.1
        data.conformal_size: 0.1
        data.test_size: 0.2
        data.validation_size: 0.1
        seed: 42
    outs:
    - path: data/processed/calib.parquet
      hash: md5
      md5: 81764e0a1c63d7c7d830d2070bbd4584
      size: 147901
    - path: data/processed/conformal.parquet
      hash: md5
      md5: fd5ad0865e951a837e0e6b2681518ad2
      size: 150248
    - path: data/processed/test.parquet
      hash: md5
      md5: dffb77c214302024530118afdc8bfde7
      size: 269572
    - path: data/processed/train.parquet
      hash: md5
      md5: a1249866ed23d50810f4de68183ee697
      size: 626444
    - path: data/processed/val.parquet
      hash: md5
      md5: 390443c6ce1a0b996f687ecfbe774db1
      size: 148505
  train:
    cmd: python -m medmlops.cli train
    deps:
    - path: data/processed/test.parquet
      hash: md5
      md5: dffb77c214302024530118afdc8bfde7
      size: 269572
    - path: data/processed/train.parquet
      hash: md5
      md5: a1249866ed23d50810f4de68183ee697
      size: 626444
    - path: data/processed/val.parquet
      hash: md5
      md5: 390443c6ce1a0b996f687ecfbe774db1
      size: 148505
    - path: params.yaml
      hash: md5
      md5: f8c270b0998bf00b9a6dc39349ae11bc
      size: 3055
    - path: src/medmlops/features/pipeline.py
      hash: md5
      md5: 3d0d0dd2be20d6fb59f3ba398578ebbe
      size: 10147
    - path: src/medmlops/models/baseline.py
      hash: md5
      md5: 5e94997d1ddba91c3e9676591daeff87
      size: 3300
    - path: src/medmlops/models/tabular_mlp.py
      hash: md5
      md5: 1c11d21ce99bdf19dc21a6b64150da7a
      size: 3810
    - path: src/medmlops/models/tracking.py
      hash: md5
      md5: 86fb6c797430c99f9491d3354b5e3b24
      size: 3287
    - path: src/medmlops/models/train.py
      hash: md5
      md5: 8d1c74c3a5bf25168de073f1ce10b63a
      size: 13081
    - path: uv.lock
      hash: md5
      md5: a3effc4c4ea0690abe2dd0996552e024
      size: 730816
    params:
      params.yaml:
        model:
          experiment_name: MedMLOps-Lab
          registered_model_name: MedMLOps
          champion_metric: auroc
          baseline:
            backend: xgboost
            n_estimators: 50
            max_depth: 2
            learning_rate: 0.08
            min_child_weight: 5
            subsample: 1.0
            colsample_bytree: 1.0
            reg_lambda: 1.0
          mlp:
            hidden:
            - 256
            - 128
            - 64
            dropout: 0.3
            epochs: 6
            batch_size: 1024
            learning_rate: 0.001
            weight_decay: 0.0001
            use_class_weight: true
        seed: 42
    outs:
    - path: models/baseline.pkl
      hash: md5
      md5: 4548256594347d80438310f4b6f8d5ee
      size: 15290
    - path: models/hero.pt
      hash: md5
      md5: 8e34652056c11d1c09c5d09900b90ce6
      size: 473543
    - path: reports/train_metrics.json
      hash: md5
      md5: e4777cd9c756d383dedeac4ac3c515cd
      size: 2476
  calibrate:
    cmd: python -m medmlops.cli calibrate
    deps:
    - path: data/processed/calib.parquet
      hash: md5
      md5: 81764e0a1c63d7c7d830d2070bbd4584
      size: 147901
    - path: data/processed/val.parquet
      hash: md5
      md5: 390443c6ce1a0b996f687ecfbe774db1
      size: 148505
    - path: models/hero.pt
      hash: md5
      md5: 8e34652056c11d1c09c5d09900b90ce6
      size: 473543
    - path: params.yaml
      hash: md5
      md5: f8c270b0998bf00b9a6dc39349ae11bc
      size: 3055
    - path: src/medmlops/calibration/calibrate.py
      hash: md5
      md5: e2855f8da8b6bf12df8107ef68063bdd
      size: 13520
    - path: src/medmlops/models/tabular_mlp.py
      hash: md5
      md5: 1c11d21ce99bdf19dc21a6b64150da7a
      size: 3810
    - path: src/medmlops/models/tracking.py
      hash: md5
      md5: 86fb6c797430c99f9491d3354b5e3b24
      size: 3287
    params:
      params.yaml:
        calibration:
          method: isotonic
          max_ece: 0.03
          n_bins: 10
    outs:
    - path: models/calibrated.pkl
      hash: md5
      md5: 5827473329163111892a3c36f670c296
      size: 417641
    - path: reports/calibration_metrics.json
      hash: md5
      md5: 227afbf7aebc5c834623110b35d73430
      size: 865
    - path: reports/figures/reliability.png
      hash: md5
      md5: 2682d15174412ab95c6702c62801d3ec
      size: 55684
  conformalize:
    cmd: python -m medmlops.cli conformalize
    deps:
    - path: data/processed/conformal.parquet
      hash: md5
      md5: fd5ad0865e951a837e0e6b2681518ad2
      size: 150248
    - path: data/processed/test.parquet
      hash: md5
      md5: dffb77c214302024530118afdc8bfde7
      size: 269572
    - path: models/calibrated.pkl
      hash: md5
      md5: 5827473329163111892a3c36f670c296
      size: 417641
    - path: params.yaml
      hash: md5
      md5: f8c270b0998bf00b9a6dc39349ae11bc
      size: 3055
    - path: src/medmlops/calibration/calibrate.py
      hash: md5
      md5: e2855f8da8b6bf12df8107ef68063bdd
      size: 13520
    - path: src/medmlops/conformal/conformal.py
      hash: md5
      md5: c4525f3c5940f838d076561b23858cd0
      size: 8833
    - path: src/medmlops/models/tracking.py
      hash: md5
      md5: 86fb6c797430c99f9491d3354b5e3b24
      size: 3287
    params:
      params.yaml:
        conformal.alpha: 0.1
    outs:
    - path: models/conformal.pkl
      hash: md5
      md5: d3b72442961ee260a21d15abadeae39b
      size: 432715
    - path: reports/conformal_metrics.json
      hash: md5
      md5: 0b591a07190b028f7d10edcef226a586
      size: 401
  evaluate:
    cmd: python -m medmlops.cli evaluate
    deps:
    - path: data/processed/test.parquet
      hash: md5
      md5: dffb77c214302024530118afdc8bfde7
      size: 269572
    - path: models/conformal.pkl
      hash: md5
      md5: d3b72442961ee260a21d15abadeae39b
      size: 432715
    - path: params.yaml
      hash: md5
      md5: f8c270b0998bf00b9a6dc39349ae11bc
      size: 3055
    - path: src/medmlops/calibration/calibrate.py
      hash: md5
      md5: e2855f8da8b6bf12df8107ef68063bdd
      size: 13520
    - path: src/medmlops/conformal/conformal.py
      hash: md5
      md5: c4525f3c5940f838d076561b23858cd0
      size: 8833
    - path: src/medmlops/metrics/clinical.py
      hash: md5
      md5: 9f0780d6558904e382dcd808627b159d
      size: 8723
    - path: src/medmlops/models/tracking.py
      hash: md5
      md5: 86fb6c797430c99f9491d3354b5e3b24
      size: 3287
    outs:
    - path: reports/clinical_metrics.json
      hash: md5
      md5: 3969ab1041bde2ee7012faac5364c793
      size: 1757
    - path: reports/figures/decision_curve.png
      hash: md5
      md5: 80b5ceb2bb7eca769f2fdd960a6a7f8b
      size: 55369
  drift_baseline:
    cmd: python -m medmlops.cli drift-baseline
    deps:
    - path: data/processed/train.parquet
      hash: md5
      md5: a1249866ed23d50810f4de68183ee697
      size: 626444
    - path: params.yaml
      hash: md5
      md5: f8c270b0998bf00b9a6dc39349ae11bc
      size: 3055
    - path: src/medmlops/cli.py
      hash: md5
      md5: fceb04319364f513633888d03d242eb6
      size: 20427
    - path: src/medmlops/features/pipeline.py
      hash: md5
      md5: 3d0d0dd2be20d6fb59f3ba398578ebbe
      size: 10147
    - path: src/medmlops/monitoring/
      hash: md5
      md5: 6114ba760a46f98f134e4e2fad4913f8.dir
      size: 32998
      nfiles: 5
    params:
      params.yaml:
        features:
          drop_leakage:
          - encounter_id
          - patient_nbr
          numeric:
          - time_in_hospital
          - num_lab_procedures
          - num_procedures
          - num_medications
          - number_outpatient
          - number_emergency
          - number_inpatient
          - number_diagnoses
          categorical:
          - race
          - gender
          - age
          - weight
          - admission_type_id
          - discharge_disposition_id
          - admission_source_id
          - payer_code
          - medical_specialty
          - diag_1_group
          - diag_2_group
          - diag_3_group
          - max_glu_serum
          - A1Cresult
          - metformin
          - repaglinide
          - nateglinide
          - chlorpropamide
          - glimepiride
          - acetohexamide
          - glipizide
          - glyburide
          - tolbutamide
          - pioglitazone
          - rosiglitazone
          - acarbose
          - miglitol
          - troglitazone
          - tolazamide
          - examide
          - citoglipton
          - insulin
          - glyburide-metformin
          - glipizide-metformin
          - glimepiride-pioglitazone
          - metformin-rosiglitazone
          - metformin-pioglitazone
          - change
          - diabetesMed
          audit_only:
          - race
          - gender
          - age
        monitoring.evidently_version_pin: 0.7.21
    outs:
    - path: reports/drift/reference_snapshot.parquet
      hash: md5
      md5: 4ff0a7116bd1fbf0496c20444ca22ad8
      size: 604769
  fairness_audit:
    cmd: python -m medmlops.cli fairness-audit
    deps:
    - path: data/processed/test.parquet
      hash: md5
      md5: dffb77c214302024530118afdc8bfde7
      size: 269572
    - path: models/conformal.pkl
      hash: md5
      md5: d3b72442961ee260a21d15abadeae39b
      size: 432715
    - path: params.yaml
      hash: md5
      md5: f8c270b0998bf00b9a6dc39349ae11bc
      size: 3055
    - path: src/medmlops/calibration/calibrate.py
      hash: md5
      md5: e2855f8da8b6bf12df8107ef68063bdd
      size: 13520
    - path: src/medmlops/cli.py
      hash: md5
      md5: fceb04319364f513633888d03d242eb6
      size: 20427
    - path: src/medmlops/conformal/conformal.py
      hash: md5
      md5: c4525f3c5940f838d076561b23858cd0
      size: 8833
    - path: src/medmlops/fairness/
      hash: md5
      md5: 569745940bd2ae65686078b6143ccefc.dir
      size: 14376
      nfiles: 3
    - path: src/medmlops/features/pipeline.py
      hash: md5
      md5: 3d0d0dd2be20d6fb59f3ba398578ebbe
      size: 10147
    params:
      params.yaml:
        fairness:
          sensitive_features:
          - race
          - gender
          - age
          threshold: 0.5
          max_subgroup_auroc_gap: 0.1
        features.audit_only:
        - race
        - gender
        - age
    outs:
    - path: reports/fairness.json
      hash: md5
      md5: 6a2479c3c623620aa3c44cea83811880
      size: 11060
    - path: reports/figures/subgroup_auroc.png
      hash: md5
      md5: 7e94ece18ee49cea38465edf9dc3cf59
      size: 71039
  governance:
    cmd: python -m medmlops.cli governance
    deps:
    - path: DISCLAIMER.md
      hash: md5
      md5: 53de4a598c5456bd2ac8d9593532e67c
      size: 943
    - path: configs/data/diabetes130.yaml
      hash: md5
      md5: 76ff954e5b9f7b14a99ed974bd17ca48
      size: 404
    - path: params.yaml
      hash: md5
      md5: f8c270b0998bf00b9a6dc39349ae11bc
      size: 3055
    - path: reports/calibration_metrics.json
      hash: md5
      md5: 227afbf7aebc5c834623110b35d73430
      size: 865
    - path: reports/clinical_metrics.json
      hash: md5
      md5: 3969ab1041bde2ee7012faac5364c793
      size: 1757
    - path: reports/conformal_metrics.json
      hash: md5
      md5: 0b591a07190b028f7d10edcef226a586
      size: 401
    - path: reports/data_quality.json
      hash: md5
      md5: d838d070ad3775e6d76c18461f31b7a9
      size: 1225
    - path: reports/fairness.json
      hash: md5
      md5: 6a2479c3c623620aa3c44cea83811880
      size: 11060
    - path: reports/train_metrics.json
      hash: md5
      md5: e4777cd9c756d383dedeac4ac3c515cd
      size: 2476
    - path: src/medmlops/cli.py
      hash: md5
      md5: fceb04319364f513633888d03d242eb6
      size: 20427
    - path: src/medmlops/governance/
      hash: md5
      md5: aaf9829f8509c01d264746e4ec08478e.dir
      size: 21124
      nfiles: 8
    - path: uv.lock
      hash: md5
      md5: a3effc4c4ea0690abe2dd0996552e024
      size: 730816
    params:
      params.yaml:
        governance:
          regulatory_framing:
          - FDA-GMLP
          - EU-AI-Act
          - TRIPOD+AI
          - PROBAST+AI
